
Microsoft Visual Studio Solution File, Format Version 12.00
# Visual Studio Version 16
VisualStudioVersion = 16.0.30225.117
MinimumVisualStudioVersion = 10.0.40219.1
Project("{FAE04EC0-301F-11D3-BF4B-00C04F79EFBC}") = "NetCorePrac", "NetCorePrac.csproj", "{AF91EA65-ACAB-4971-95C8-E9B25AB4EBC1}"
EndProject
Global
	GlobalSection(SolutionConfigurationPlatforms) = preSolution
		Debug|Any CPU = Debug|Any CPU
		Release|Any CPU = Release|Any CPU
	EndGlobalSection
	GlobalSection(ProjectConfigurationPlatforms) = postSolution
		{AF91EA65-ACAB-4971-95C8-E9B25AB4EBC1}.Debug|Any CPU.ActiveCfg = Debug|Any CPU
		{AF91EA65-ACAB-4971-95C8-E9B25AB4EBC1}.Debug|Any CPU.Build.0 = Debug|Any CPU
		{AF91EA65-ACAB-4971-95C8-E9B25AB4EBC1}.Release|Any CPU.ActiveCfg = Release|Any CPU
		{AF91EA65-ACAB-4971-95C8-E9B25AB4EBC1}.Release|Any CPU.Build.0 = Release|Any CPU
	EndGlobalSection
	GlobalSection(SolutionProperties) = preSolution
		HideSolutionNode = FALSE
	EndGlobalSection
	GlobalSection(ExtensibilityGlobals) = postSolution
		SolutionGuid = {407A081F-69D1-4FDA-945D-FF60BBC37C12}
	EndGlobalSection
EndGlobal
